{
  "name": "podcast_summarization",
  "lockfileVersion": 3,
  "requires": true,
  "packages": {
    "": {
      "dependencies": {
        "retrying": "^1.0.3"
      }
    },
    "node_modules/retrying": {
      "version": "1.0.3",
      "resolved": "https://registry.npmjs.org/retrying/-/retrying-1.0.3.tgz",
      "integrity": "sha512-gFbUs9x8CVoqADbfHywNOcuDh9tWdOlSSHhXN1w/FgZwla+9IyIdju7XtLEWsKA2he/nMp6ZodIeMqi9tcz9QA==",
      "license": "MIT"
    }
  }
}
